
Microsoft Visual Studio Solution File, Format Version 12.00
# Visual Studio Version 17
VisualStudioVersion = 17.0.31903.59
MinimumVisualStudioVersion = 10.0.40219.1
Project("{2150E333-8FDC-42A3-9474-1A3956D46DE8}") = "Client", "Client", "{02EA681E-C7D8-13C7-8484-4AC65E1B71E8}"
EndProject
Project("{2150E333-8FDC-42A3-9474-1A3956D46DE8}") = "Server", "Server", "{69BD749E-CF05-4FF9-8F96-40AFC5B2DDC6}"
EndProject
Project("{FAE04EC0-301F-11D3-BF4B-00C04F79EFBC}") = "Client.Application", "Client.Application\Client.Application.csproj", "{D8500E98-04AB-45CF-91AC-ED61FA1A16C1}"
EndProject
Project("{FAE04EC0-301F-11D3-BF4B-00C04F79EFBC}") = "Server", "Server\Server.csproj", "{47E0BEA8-D67B-49C9-9341-0AC5B4201B6C}"
EndProject
Global
	GlobalSection(SolutionConfigurationPlatforms) = preSolution
		Debug|Any CPU = Debug|Any CPU
		Release|Any CPU = Release|Any CPU
	EndGlobalSection
	GlobalSection(ProjectConfigurationPlatforms) = postSolution
		{D8500E98-04AB-45CF-91AC-ED61FA1A16C1}.Debug|Any CPU.ActiveCfg = Debug|Any CPU
		{D8500E98-04AB-45CF-91AC-ED61FA1A16C1}.Debug|Any CPU.Build.0 = Debug|Any CPU
		{D8500E98-04AB-45CF-91AC-ED61FA1A16C1}.Release|Any CPU.ActiveCfg = Release|Any CPU
		{D8500E98-04AB-45CF-91AC-ED61FA1A16C1}.Release|Any CPU.Build.0 = Release|Any CPU
		{47E0BEA8-D67B-49C9-9341-0AC5B4201B6C}.Debug|Any CPU.ActiveCfg = Debug|Any CPU
		{47E0BEA8-D67B-49C9-9341-0AC5B4201B6C}.Debug|Any CPU.Build.0 = Debug|Any CPU
		{47E0BEA8-D67B-49C9-9341-0AC5B4201B6C}.Release|Any CPU.ActiveCfg = Release|Any CPU
		{47E0BEA8-D67B-49C9-9341-0AC5B4201B6C}.Release|Any CPU.Build.0 = Release|Any CPU
	EndGlobalSection
	GlobalSection(SolutionProperties) = preSolution
		HideSolutionNode = FALSE
	EndGlobalSection
	GlobalSection(NestedProjects) = preSolution
		{D8500E98-04AB-45CF-91AC-ED61FA1A16C1} = {02EA681E-C7D8-13C7-8484-4AC65E1B71E8}
		{47E0BEA8-D67B-49C9-9341-0AC5B4201B6C} = {69BD749E-CF05-4FF9-8F96-40AFC5B2DDC6}
	EndGlobalSection
EndGlobal
